// !$*UTF8*$!
{
	archiveVersion = 1;
	classes = {
	};
	objectVersion = 56;
	objects = {

/* Begin PBXBuildFile section */
		E82A5F822BD0B0C700B15EB2 /* SudokuApp.swift in Sources */ = {isa = PBXBuildFile; fileRef = E82A5F812BD0B0C700B15EB2 /* SudokuApp.swift */; };
		E82A5F842BD0B0C700B15EB2 /* ContentView.swift in Sources */ = {isa = PBXBuildFile; fileRef = E82A5F832BD0B0C700B15EB2 /* ContentView.swift */; };
		E82A5F862BD0B0C700B15EB2 /* Item.swift in Sources */ = {isa = PBXBuildFile; fileRef = E82A5F852BD0B0C700B15EB2 /* Item.swift */; };
		E82A5F882BD0B0C800B15EB2 /* Assets.xcassets in Resources */ = {isa = PBXBuildFile; fileRef = E82A5F872BD0B0C800B15EB2 /* Assets.xcassets */; };
		E82A5F8C2BD0B0C800B15EB2 /* Preview Assets.xcassets in Resources */ = {isa = PBXBuildFile; fileRef = E82A5F8B2BD0B0C800B15EB2 /* Preview Assets.xcassets */; };
		E82A5F962BD0B0C800B15EB2 /* SudokuTests.swift in Sources */ = {isa = PBXBuildFile; fileRef = E82A5F952BD0B0C800B15EB2 /* SudokuTests.swift */; };
		E82A5FA02BD0B0C800B15EB2 /* SudokuUITests.swift in Sources */ = {isa = PBXBuildFile; fileRef = E82A5F9F2BD0B0C800B15EB2 /* SudokuUITests.swift */; };
		E82A5FA22BD0B0C800B15EB2 /* SudokuUITestsLaunchTests.swift in Sources */ = {isa = PBXBuildFile; fileRef = E82A5FA12BD0B0C800B15EB2 /* SudokuUITestsLaunchTests.swift */; };
		E8749EC42BD0BDFA00BDA0F8 /* Sudoku.swift in Sources */ = {isa = PBXBuildFile; fileRef = E8749EC32BD0BDFA00BDA0F8 /* Sudoku.swift */; };
		E8749EC62BD0BE6C00BDA0F8 /* SudokuCell.swift in Sources */ = {isa = PBXBuildFile; fileRef = E8749EC52BD0BE6C00BDA0F8 /* SudokuCell.swift */; };
		E8749EC82BD0BF4A00BDA0F8 /* SudokuTableView.swift in Sources */ = {isa = PBXBuildFile; fileRef = E8749EC72BD0BF4900BDA0F8 /* SudokuTableView.swift */; };
		E8749ECA2BD0BFAD00BDA0F8 /* SudokuTableViewModel.swift in Sources */ = {isa = PBXBuildFile; fileRef = E8749EC92BD0BFAD00BDA0F8 /* SudokuTableViewModel.swift */; };
		E8A674402C02B76B002EFBBF /* SudokuBrain.swift in Sources */ = {isa = PBXBuildFile; fileRef = E8A6743F2C02B76B002EFBBF /* SudokuBrain.swift */; };
		E8A674422C02FC9F002EFBBF /* BackgroundView.swift in Sources */ = {isa = PBXBuildFile; fileRef = E8A674412C02FC9F002EFBBF /* BackgroundView.swift */; };
		E8A674492C038440002EFBBF /* APIClient.swift in Sources */ = {isa = PBXBuildFile; fileRef = E8A674482C038440002EFBBF /* APIClient.swift */; };
		E8A6744B2C040FAA002EFBBF /* Sudoku.json in Resources */ = {isa = PBXBuildFile; fileRef = E8A6744A2C040FAA002EFBBF /* Sudoku.json */; };
		E8A6744D2C041645002EFBBF /* Bundle+Extension.swift in Sources */ = {isa = PBXBuildFile; fileRef = E8A6744C2C041645002EFBBF /* Bundle+Extension.swift */; };
/* End PBXBuildFile section */

/* Begin PBXContainerItemProxy section */
		E82A5F922BD0B0C800B15EB2 /* PBXContainerItemProxy */ = {
			isa = PBXContainerItemProxy;
			containerPortal = E82A5F762BD0B0C700B15EB2 /* Project object */;
			proxyType = 1;
			remoteGlobalIDString = E82A5F7D2BD0B0C700B15EB2;
			remoteInfo = Sudoku;
		};
		E82A5F9C2BD0B0C800B15EB2 /* PBXContainerItemProxy */ = {
			isa = PBXContainerItemProxy;
			containerPortal = E82A5F762BD0B0C700B15EB2 /* Project object */;
			proxyType = 1;
			remoteGlobalIDString = E82A5F7D2BD0B0C700B15EB2;
			remoteInfo = Sudoku;
		};
/* End PBXContainerItemProxy section */

/* Begin PBXFileReference section */
		86CEC5132C03531C00A0FA13 /* SudokuNetworking */ = {isa = PBXFileReference; lastKnownFileType = wrapper; path = SudokuNetworking; sourceTree = "<group>"; };
		E82A5F7E2BD0B0C700B15EB2 /* Sudoku.app */ = {isa = PBXFileReference; explicitFileType = wrapper.application; includeInIndex = 0; path = Sudoku.app; sourceTree = BUILT_PRODUCTS_DIR; };
		E82A5F812BD0B0C700B15EB2 /* SudokuApp.swift */ = {isa = PBXFileReference; lastKnownFileType = sourcecode.swift; path = SudokuApp.swift; sourceTree = "<group>"; };
		E82A5F832BD0B0C700B15EB2 /* ContentView.swift */ = {isa = PBXFileReference; lastKnownFileType = sourcecode.swift; path = ContentView.swift; sourceTree = "<group>"; };
		E82A5F852BD0B0C700B15EB2 /* Item.swift */ = {isa = PBXFileReference; lastKnownFileType = sourcecode.swift; path = Item.swift; sourceTree = "<group>"; };
		E82A5F872BD0B0C800B15EB2 /* Assets.xcassets */ = {isa = PBXFileReference; lastKnownFileType = folder.assetcatalog; path = Assets.xcassets; sourceTree = "<group>"; };
		E82A5F892BD0B0C800B15EB2 /* Sudoku.entitlements */ = {isa = PBXFileReference; lastKnownFileType = text.plist.entitlements; path = Sudoku.entitlements; sourceTree = "<group>"; };
		E82A5F8B2BD0B0C800B15EB2 /* Preview Assets.xcassets */ = {isa = PBXFileReference; lastKnownFileType = folder.assetcatalog; path = "Preview Assets.xcassets"; sourceTree = "<group>"; };
		E82A5F912BD0B0C800B15EB2 /* SudokuTests.xctest */ = {isa = PBXFileReference; explicitFileType = wrapper.cfbundle; includeInIndex = 0; path = SudokuTests.xctest; sourceTree = BUILT_PRODUCTS_DIR; };
		E82A5F952BD0B0C800B15EB2 /* SudokuTests.swift */ = {isa = PBXFileReference; lastKnownFileType = sourcecode.swift; path = SudokuTests.swift; sourceTree = "<group>"; };
		E82A5F9B2BD0B0C800B15EB2 /* SudokuUITests.xctest */ = {isa = PBXFileReference; explicitFileType = wrapper.cfbundle; includeInIndex = 0; path = SudokuUITests.xctest; sourceTree = BUILT_PRODUCTS_DIR; };
		E82A5F9F2BD0B0C800B15EB2 /* SudokuUITests.swift */ = {isa = PBXFileReference; lastKnownFileType = sourcecode.swift; path = SudokuUITests.swift; sourceTree = "<group>"; };
		E82A5FA12BD0B0C800B15EB2 /* SudokuUITestsLaunchTests.swift */ = {isa = PBXFileReference; lastKnownFileType = sourcecode.swift; path = SudokuUITestsLaunchTests.swift; sourceTree = "<group>"; };
		E8749EC32BD0BDFA00BDA0F8 /* Sudoku.swift */ = {isa = PBXFileReference; lastKnownFileType = sourcecode.swift; path = Sudoku.swift; sourceTree = "<group>"; };
		E8749EC52BD0BE6C00BDA0F8 /* SudokuCell.swift */ = {isa = PBXFileReference; lastKnownFileType = sourcecode.swift; path = SudokuCell.swift; sourceTree = "<group>"; };
		E8749EC72BD0BF4900BDA0F8 /* SudokuTableView.swift */ = {isa = PBXFileReference; lastKnownFileType = sourcecode.swift; path = SudokuTableView.swift; sourceTree = "<group>"; };
		E8749EC92BD0BFAD00BDA0F8 /* SudokuTableViewModel.swift */ = {isa = PBXFileReference; lastKnownFileType = sourcecode.swift; path = SudokuTableViewModel.swift; sourceTree = "<group>"; };
		E8A6743F2C02B76B002EFBBF /* SudokuBrain.swift */ = {isa = PBXFileReference; lastKnownFileType = sourcecode.swift; path = SudokuBrain.swift; sourceTree = "<group>"; };
		E8A674412C02FC9F002EFBBF /* BackgroundView.swift */ = {isa = PBXFileReference; lastKnownFileType = sourcecode.swift; path = BackgroundView.swift; sourceTree = "<group>"; };
		E8A674452C03402A002EFBBF /* Info.plist */ = {isa = PBXFileReference; lastKnownFileType = text.plist.xml; path = Info.plist; sourceTree = "<group>"; };
		E8A674462C034DBF002EFBBF /* README.md */ = {isa = PBXFileReference; lastKnownFileType = net.daringfireball.markdown; path = README.md; sourceTree = "<group>"; };
		E8A674472C034DC9002EFBBF /* Screenshot.png */ = {isa = PBXFileReference; lastKnownFileType = image.png; path = Screenshot.png; sourceTree = "<group>"; };
		E8A674482C038440002EFBBF /* APIClient.swift */ = {isa = PBXFileReference; lastKnownFileType = sourcecode.swift; path = APIClient.swift; sourceTree = "<group>"; };
		E8A6744A2C040FAA002EFBBF /* Sudoku.json */ = {isa = PBXFileReference; lastKnownFileType = text.json; path = Sudoku.json; sourceTree = "<group>"; };
		E8A6744C2C041645002EFBBF /* Bundle+Extension.swift */ = {isa = PBXFileReference; lastKnownFileType = sourcecode.swift; path = "Bundle+Extension.swift"; sourceTree = "<group>"; };
/* End PBXFileReference section */

/* Begin PBXFrameworksBuildPhase section */
		E82A5F7B2BD0B0C700B15EB2 /* Frameworks */ = {
			isa = PBXFrameworksBuildPhase;
			buildActionMask = 2147483647;
			files = (
			);
			runOnlyForDeploymentPostprocessing = 0;
		};
		E82A5F8E2BD0B0C800B15EB2 /* Frameworks */ = {
			isa = PBXFrameworksBuildPhase;
			buildActionMask = 2147483647;
			files = (
			);
			runOnlyForDeploymentPostprocessing = 0;
		};
		E82A5F982BD0B0C800B15EB2 /* Frameworks */ = {
			isa = PBXFrameworksBuildPhase;
			buildActionMask = 2147483647;
			files = (
			);
			runOnlyForDeploymentPostprocessing = 0;
		};
/* End PBXFrameworksBuildPhase section */

/* Begin PBXGroup section */
		E82A5F752BD0B0C700B15EB2 = {
			isa = PBXGroup;
			children = (
				86CEC5132C03531C00A0FA13 /* SudokuNetworking */,
				E8A674462C034DBF002EFBBF /* README.md */,
				E8A674472C034DC9002EFBBF /* Screenshot.png */,
				E82A5F802BD0B0C700B15EB2 /* Sudoku */,
				E82A5F942BD0B0C800B15EB2 /* SudokuTests */,
				E82A5F9E2BD0B0C800B15EB2 /* SudokuUITests */,
				E82A5F7F2BD0B0C700B15EB2 /* Products */,
			);
			sourceTree = "<group>";
		};
		E82A5F7F2BD0B0C700B15EB2 /* Products */ = {
			isa = PBXGroup;
			children = (
				E82A5F7E2BD0B0C700B15EB2 /* Sudoku.app */,
				E82A5F912BD0B0C800B15EB2 /* SudokuTests.xctest */,
				E82A5F9B2BD0B0C800B15EB2 /* SudokuUITests.xctest */,
			);
			name = Products;
			sourceTree = "<group>";
		};
		E82A5F802BD0B0C700B15EB2 /* Sudoku */ = {
			isa = PBXGroup;
			children = (
				E8A674452C03402A002EFBBF /* Info.plist */,
				E82A5F812BD0B0C700B15EB2 /* SudokuApp.swift */,
				E8749EC32BD0BDFA00BDA0F8 /* Sudoku.swift */,
				E8A6743F2C02B76B002EFBBF /* SudokuBrain.swift */,
				E8749EC52BD0BE6C00BDA0F8 /* SudokuCell.swift */,
				E8749EC72BD0BF4900BDA0F8 /* SudokuTableView.swift */,
				E8749EC92BD0BFAD00BDA0F8 /* SudokuTableViewModel.swift */,
				E82A5F832BD0B0C700B15EB2 /* ContentView.swift */,
				E8A674412C02FC9F002EFBBF /* BackgroundView.swift */,
				E82A5F852BD0B0C700B15EB2 /* Item.swift */,
				E8A674482C038440002EFBBF /* APIClient.swift */,
				E8A6744A2C040FAA002EFBBF /* Sudoku.json */,
				E8A6744C2C041645002EFBBF /* Bundle+Extension.swift */,
				E82A5F872BD0B0C800B15EB2 /* Assets.xcassets */,
				E82A5F892BD0B0C800B15EB2 /* Sudoku.entitlements */,
				E82A5F8A2BD0B0C800B15EB2 /* Preview Content */,
			);
			path = Sudoku;
			sourceTree = "<group>";
		};
		E82A5F8A2BD0B0C800B15EB2 /* Preview Content */ = {
			isa = PBXGroup;
			children = (
				E82A5F8B2BD0B0C800B15EB2 /* Preview Assets.xcassets */,
			);
			path = "Preview Content";
			sourceTree = "<group>";
		};
		E82A5F942BD0B0C800B15EB2 /* SudokuTests */ = {
			isa = PBXGroup;
			children = (
				E82A5F952BD0B0C800B15EB2 /* SudokuTests.swift */,
			);
			path = SudokuTests;
			sourceTree = "<group>";
		};
		E82A5F9E2BD0B0C800B15EB2 /* SudokuUITests */ = {
			isa = PBXGroup;
			children = (
				E82A5F9F2BD0B0C800B15EB2 /* SudokuUITests.swift */,
				E82A5FA12BD0B0C800B15EB2 /* SudokuUITestsLaunchTests.swift */,
			);
			path = SudokuUITests;
			sourceTree = "<group>";
		};
/* End PBXGroup section */

/* Begin PBXNativeTarget section */
		E82A5F7D2BD0B0C700B15EB2 /* Sudoku */ = {
			isa = PBXNativeTarget;
			buildConfigurationList = E82A5FA52BD0B0C800B15EB2 /* Build configuration list for PBXNativeTarget "Sudoku" */;
			buildPhases = (
				E82A5F7A2BD0B0C700B15EB2 /* Sources */,
				E82A5F7B2BD0B0C700B15EB2 /* Frameworks */,
				E82A5F7C2BD0B0C700B15EB2 /* Resources */,
			);
			buildRules = (
			);
			dependencies = (
			);
			name = Sudoku;
			productName = Sudoku;
			productReference = E82A5F7E2BD0B0C700B15EB2 /* Sudoku.app */;
			productType = "com.apple.product-type.application";
		};
		E82A5F902BD0B0C800B15EB2 /* SudokuTests */ = {
			isa = PBXNativeTarget;
			buildConfigurationList = E82A5FA82BD0B0C800B15EB2 /* Build configuration list for PBXNativeTarget "SudokuTests" */;
			buildPhases = (
				E82A5F8D2BD0B0C800B15EB2 /* Sources */,
				E82A5F8E2BD0B0C800B15EB2 /* Frameworks */,
				E82A5F8F2BD0B0C800B15EB2 /* Resources */,
			);
			buildRules = (
			);
			dependencies = (
				E82A5F932BD0B0C800B15EB2 /* PBXTargetDependency */,
			);
			name = SudokuTests;
			productName = SudokuTests;
			productReference = E82A5F912BD0B0C800B15EB2 /* SudokuTests.xctest */;
			productType = "com.apple.product-type.bundle.unit-test";
		};
		E82A5F9A2BD0B0C800B15EB2 /* SudokuUITests */ = {
			isa = PBXNativeTarget;
			buildConfigurationList = E82A5FAB2BD0B0C800B15EB2 /* Build configuration list for PBXNativeTarget "SudokuUITests" */;
			buildPhases = (
				E82A5F972BD0B0C800B15EB2 /* Sources */,
				E82A5F982BD0B0C800B15EB2 /* Frameworks */,
				E82A5F992BD0B0C800B15EB2 /* Resources */,
			);
			buildRules = (
			);
			dependencies = (
				E82A5F9D2BD0B0C800B15EB2 /* PBXTargetDependency */,
			);
			name = SudokuUITests;
			productName = SudokuUITests;
			productReference = E82A5F9B2BD0B0C800B15EB2 /* SudokuUITests.xctest */;
			productType = "com.apple.product-type.bundle.ui-testing";
		};
/* End PBXNativeTarget section */

/* Begin PBXProject section */
		E82A5F762BD0B0C700B15EB2 /* Project object */ = {
			isa = PBXProject;
			attributes = {
				BuildIndependentTargetsInParallel = 1;
				LastSwiftUpdateCheck = 1530;
				LastUpgradeCheck = 1540;
				TargetAttributes = {
					E82A5F7D2BD0B0C700B15EB2 = {
						CreatedOnToolsVersion = 15.3;
					};
					E82A5F902BD0B0C800B15EB2 = {
						CreatedOnToolsVersion = 15.3;
						TestTargetID = E82A5F7D2BD0B0C700B15EB2;
					};
					E82A5F9A2BD0B0C800B15EB2 = {
						CreatedOnToolsVersion = 15.3;
						TestTargetID = E82A5F7D2BD0B0C700B15EB2;
					};
				};
			};
			buildConfigurationList = E82A5F792BD0B0C700B15EB2 /* Build configuration list for PBXProject "Sudoku" */;
			compatibilityVersion = "Xcode 14.0";
			developmentRegion = en;
			hasScannedForEncodings = 0;
			knownRegions = (
				en,
				Base,
			);
			mainGroup = E82A5F752BD0B0C700B15EB2;
			productRefGroup = E82A5F7F2BD0B0C700B15EB2 /* Products */;
			projectDirPath = "";
			projectRoot = "";
			targets = (
				E82A5F7D2BD0B0C700B15EB2 /* Sudoku */,
				E82A5F902BD0B0C800B15EB2 /* SudokuTests */,
				E82A5F9A2BD0B0C800B15EB2 /* SudokuUITests */,
			);
		};
/* End PBXProject section */

/* Begin PBXResourcesBuildPhase section */
		E82A5F7C2BD0B0C700B15EB2 /* Resources */ = {
			isa = PBXResourcesBuildPhase;
			buildActionMask = 2147483647;
			files = (
				E82A5F8C2BD0B0C800B15EB2 /* Preview Assets.xcassets in Resources */,
				E82A5F882BD0B0C800B15EB2 /* Assets.xcassets in Resources */,
				E8A6744B2C040FAA002EFBBF /* Sudoku.json in Resources */,
			);
			runOnlyForDeploymentPostprocessing = 0;
		};
		E82A5F8F2BD0B0C800B15EB2 /* Resources */ = {
			isa = PBXResourcesBuildPhase;
			buildActionMask = 2147483647;
			files = (
			);
			runOnlyForDeploymentPostprocessing = 0;
		};
		E82A5F992BD0B0C800B15EB2 /* Resources */ = {
			isa = PBXResourcesBuildPhase;
			buildActionMask = 2147483647;
			files = (
			);
			runOnlyForDeploymentPostprocessing = 0;
		};
/* End PBXResourcesBuildPhase section */

/* Begin PBXSourcesBuildPhase section */
		E82A5F7A2BD0B0C700B15EB2 /* Sources */ = {
			isa = PBXSourcesBuildPhase;
			buildActionMask = 2147483647;
			files = (
				E8A674422C02FC9F002EFBBF /* BackgroundView.swift in Sources */,
				E82A5F842BD0B0C700B15EB2 /* ContentView.swift in Sources */,
				E82A5F862BD0B0C700B15EB2 /* Item.swift in Sources */,
				E8A6744D2C041645002EFBBF /* Bundle+Extension.swift in Sources */,
				E8A674492C038440002EFBBF /* APIClient.swift in Sources */,
				E8749EC42BD0BDFA00BDA0F8 /* Sudoku.swift in Sources */,
				E8A674402C02B76B002EFBBF /* SudokuBrain.swift in Sources */,
				E8749EC62BD0BE6C00BDA0F8 /* SudokuCell.swift in Sources */,
				E82A5F822BD0B0C700B15EB2 /* SudokuApp.swift in Sources */,
				E8749EC82BD0BF4A00BDA0F8 /* SudokuTableView.swift in Sources */,
				E8749ECA2BD0BFAD00BDA0F8 /* SudokuTableViewModel.swift in Sources */,
			);
			runOnlyForDeploymentPostprocessing = 0;
		};
		E82A5F8D2BD0B0C800B15EB2 /* Sources */ = {
			isa = PBXSourcesBuildPhase;
			buildActionMask = 2147483647;
			files = (
				E82A5F962BD0B0C800B15EB2 /* SudokuTests.swift in Sources */,
			);
			runOnlyForDeploymentPostprocessing = 0;
		};
		E82A5F972BD0B0C800B15EB2 /* Sources */ = {
			isa = PBXSourcesBuildPhase;
			buildActionMask = 2147483647;
			files = (
				E82A5FA02BD0B0C800B15EB2 /* SudokuUITests.swift in Sources */,
				E82A5FA22BD0B0C800B15EB2 /* SudokuUITestsLaunchTests.swift in Sources */,
			);
			runOnlyForDeploymentPostprocessing = 0;
		};
/* End PBXSourcesBuildPhase section */

/* Begin PBXTargetDependency section */
		E82A5F932BD0B0C800B15EB2 /* PBXTargetDependency */ = {
			isa = PBXTargetDependency;
			target = E82A5F7D2BD0B0C700B15EB2 /* Sudoku */;
			targetProxy = E82A5F922BD0B0C800B15EB2 /* PBXContainerItemProxy */;
		};
		E82A5F9D2BD0B0C800B15EB2 /* PBXTargetDependency */ = {
			isa = PBXTargetDependency;
			target = E82A5F7D2BD0B0C700B15EB2 /* Sudoku */;
			targetProxy = E82A5F9C2BD0B0C800B15EB2 /* PBXContainerItemProxy */;
		};
/* End PBXTargetDependency section */

/* Begin XCBuildConfiguration section */
		E82A5FA32BD0B0C800B15EB2 /* Debug */ = {
			isa = XCBuildConfiguration;
			buildSettings = {
				ALWAYS_SEARCH_USER_PATHS = NO;
				ASSETCATALOG_COMPILER_GENERATE_SWIFT_ASSET_SYMBOL_EXTENSIONS = YES;
				CLANG_ANALYZER_NONNULL = YES;
				CLANG_ANALYZER_NUMBER_OBJECT_CONVERSION = YES_AGGRESSIVE;
				CLANG_CXX_LANGUAGE_STANDARD = "gnu++20";
				CLANG_ENABLE_MODULES = YES;
				CLANG_ENABLE_OBJC_ARC = YES;
				CLANG_ENABLE_OBJC_WEAK = YES;
				CLANG_WARN_BLOCK_CAPTURE_AUTORELEASING = YES;
				CLANG_WARN_BOOL_CONVERSION = YES;
				CLANG_WARN_COMMA = YES;
				CLANG_WARN_CONSTANT_CONVERSION = YES;
				CLANG_WARN_DEPRECATED_OBJC_IMPLEMENTATIONS = YES;
				CLANG_WARN_DIRECT_OBJC_ISA_USAGE = YES_ERROR;
				CLANG_WARN_DOCUMENTATION_COMMENTS = YES;
				CLANG_WARN_EMPTY_BODY = YES;
				CLANG_WARN_ENUM_CONVERSION = YES;
				CLANG_WARN_INFINITE_RECURSION = YES;
				CLANG_WARN_INT_CONVERSION = YES;
				CLANG_WARN_NON_LITERAL_NULL_CONVERSION = YES;
				CLANG_WARN_OBJC_IMPLICIT_RETAIN_SELF = YES;
				CLANG_WARN_OBJC_LITERAL_CONVERSION = YES;
				CLANG_WARN_OBJC_ROOT_CLASS = YES_ERROR;
				CLANG_WARN_QUOTED_INCLUDE_IN_FRAMEWORK_HEADER = YES;
				CLANG_WARN_RANGE_LOOP_ANALYSIS = YES;
				CLANG_WARN_STRICT_PROTOTYPES = YES;
				CLANG_WARN_SUSPICIOUS_MOVE = YES;
				CLANG_WARN_UNGUARDED_AVAILABILITY = YES_AGGRESSIVE;
				CLANG_WARN_UNREACHABLE_CODE = YES;
				CLANG_WARN__DUPLICATE_METHOD_MATCH = YES;
				COPY_PHASE_STRIP = NO;
				DEAD_CODE_STRIPPING = YES;
				DEBUG_INFORMATION_FORMAT = dwarf;
				ENABLE_STRICT_OBJC_MSGSEND = YES;
				ENABLE_TESTABILITY = YES;
				ENABLE_USER_SCRIPT_SANDBOXING = YES;
				GCC_C_LANGUAGE_STANDARD = gnu17;
				GCC_DYNAMIC_NO_PIC = NO;
				GCC_NO_COMMON_BLOCKS = YES;
				GCC_OPTIMIZATION_LEVEL = 0;
				GCC_PREPROCESSOR_DEFINITIONS = (
					"DEBUG=1",
					"$(inherited)",
				);
				GCC_WARN_64_TO_32_BIT_CONVERSION = YES;
				GCC_WARN_ABOUT_RETURN_TYPE = YES_ERROR;
				GCC_WARN_UNDECLARED_SELECTOR = YES;
				GCC_WARN_UNINITIALIZED_AUTOS = YES_AGGRESSIVE;
				GCC_WARN_UNUSED_FUNCTION = YES;
				GCC_WARN_UNUSED_VARIABLE = YES;
				LOCALIZATION_PREFERS_STRING_CATALOGS = YES;
				MTL_ENABLE_DEBUG_INFO = INCLUDE_SOURCE;
				MTL_FAST_MATH = YES;
				ONLY_ACTIVE_ARCH = YES;
				SWIFT_ACTIVE_COMPILATION_CONDITIONS = "DEBUG $(inherited)";
				SWIFT_OPTIMIZATION_LEVEL = "-Onone";
			};
			name = Debug;
		};
		E82A5FA42BD0B0C800B15EB2 /* Release */ = {
			isa = XCBuildConfiguration;
			buildSettings = {
				ALWAYS_SEARCH_USER_PATHS = NO;
				ASSETCATALOG_COMPILER_GENERATE_SWIFT_ASSET_SYMBOL_EXTENSIONS = YES;
				CLANG_ANALYZER_NONNULL = YES;
				CLANG_ANALYZER_NUMBER_OBJECT_CONVERSION = YES_AGGRESSIVE;
				CLANG_CXX_LANGUAGE_STANDARD = "gnu++20";
				CLANG_ENABLE_MODULES = YES;
				CLANG_ENABLE_OBJC_ARC = YES;
				CLANG_ENABLE_OBJC_WEAK = YES;
				CLANG_WARN_BLOCK_CAPTURE_AUTORELEASING = YES;
				CLANG_WARN_BOOL_CONVERSION = YES;
				CLANG_WARN_COMMA = YES;
				CLANG_WARN_CONSTANT_CONVERSION = YES;
				CLANG_WARN_DEPRECATED_OBJC_IMPLEMENTATIONS = YES;
				CLANG_WARN_DIRECT_OBJC_ISA_USAGE = YES_ERROR;
				CLANG_WARN_DOCUMENTATION_COMMENTS = YES;
				CLANG_WARN_EMPTY_BODY = YES;
				CLANG_WARN_ENUM_CONVERSION = YES;
				CLANG_WARN_INFINITE_RECURSION = YES;
				CLANG_WARN_INT_CONVERSION = YES;
				CLANG_WARN_NON_LITERAL_NULL_CONVERSION = YES;
				CLANG_WARN_OBJC_IMPLICIT_RETAIN_SELF = YES;
				CLANG_WARN_OBJC_LITERAL_CONVERSION = YES;
				CLANG_WARN_OBJC_ROOT_CLASS = YES_ERROR;
				CLANG_WARN_QUOTED_INCLUDE_IN_FRAMEWORK_HEADER = YES;
				CLANG_WARN_RANGE_LOOP_ANALYSIS = YES;
				CLANG_WARN_STRICT_PROTOTYPES = YES;
				CLANG_WARN_SUSPICIOUS_MOVE = YES;
				CLANG_WARN_UNGUARDED_AVAILABILITY = YES_AGGRESSIVE;
				CLANG_WARN_UNREACHABLE_CODE = YES;
				CLANG_WARN__DUPLICATE_METHOD_MATCH = YES;
				COPY_PHASE_STRIP = NO;
				DEAD_CODE_STRIPPING = YES;
				DEBUG_INFORMATION_FORMAT = "dwarf-with-dsym";
				ENABLE_NS_ASSERTIONS = NO;
				ENABLE_STRICT_OBJC_MSGSEND = YES;
				ENABLE_USER_SCRIPT_SANDBOXING = YES;
				GCC_C_LANGUAGE_STANDARD = gnu17;
				GCC_NO_COMMON_BLOCKS = YES;
				GCC_WARN_64_TO_32_BIT_CONVERSION = YES;
				GCC_WARN_ABOUT_RETURN_TYPE = YES_ERROR;
				GCC_WARN_UNDECLARED_SELECTOR = YES;
				GCC_WARN_UNINITIALIZED_AUTOS = YES_AGGRESSIVE;
				GCC_WARN_UNUSED_FUNCTION = YES;
				GCC_WARN_UNUSED_VARIABLE = YES;
				LOCALIZATION_PREFERS_STRING_CATALOGS = YES;
				MTL_ENABLE_DEBUG_INFO = NO;
				MTL_FAST_MATH = YES;
				SWIFT_COMPILATION_MODE = wholemodule;
			};
			name = Release;
		};
		E82A5FA62BD0B0C800B15EB2 /* Debug */ = {
			isa = XCBuildConfiguration;
			buildSettings = {
				ASSETCATALOG_COMPILER_APPICON_NAME = AppIcon;
				ASSETCATALOG_COMPILER_GLOBAL_ACCENT_COLOR_NAME = AccentColor;
				CODE_SIGN_ENTITLEMENTS = Sudoku/Sudoku.entitlements;
				CODE_SIGN_STYLE = Automatic;
				CURRENT_PROJECT_VERSION = 9;
				DEAD_CODE_STRIPPING = YES;
				DEVELOPMENT_ASSET_PATHS = "\"Sudoku/Preview Content\"";
				DEVELOPMENT_TEAM = 723HTEFHBA;
				ENABLE_PREVIEWS = YES;
				GENERATE_INFOPLIST_FILE = YES;
				INFOPLIST_FILE = Sudoku/Info.plist;
				INFOPLIST_KEY_LSApplicationCategoryType = "public.app-category.puzzle-games";
				"INFOPLIST_KEY_UIApplicationSceneManifest_Generation[sdk=iphoneos*]" = YES;
				"INFOPLIST_KEY_UIApplicationSceneManifest_Generation[sdk=iphonesimulator*]" = YES;
				"INFOPLIST_KEY_UIApplicationSupportsIndirectInputEvents[sdk=iphoneos*]" = YES;
				"INFOPLIST_KEY_UIApplicationSupportsIndirectInputEvents[sdk=iphonesimulator*]" = YES;
				"INFOPLIST_KEY_UILaunchScreen_Generation[sdk=iphoneos*]" = YES;
				"INFOPLIST_KEY_UILaunchScreen_Generation[sdk=iphonesimulator*]" = YES;
				"INFOPLIST_KEY_UIStatusBarStyle[sdk=iphoneos*]" = UIStatusBarStyleDefault;
				"INFOPLIST_KEY_UIStatusBarStyle[sdk=iphonesimulator*]" = UIStatusBarStyleDefault;
				INFOPLIST_KEY_UISupportedInterfaceOrientations = UIInterfaceOrientationPortrait;
				INFOPLIST_KEY_UISupportedInterfaceOrientations_iPad = "UIInterfaceOrientationLandscapeLeft UIInterfaceOrientationLandscapeRight UIInterfaceOrientationPortrait UIInterfaceOrientationPortraitUpsideDown";
				IPHONEOS_DEPLOYMENT_TARGET = 17.0;
				LD_RUNPATH_SEARCH_PATHS = "@executable_path/Frameworks";
				"LD_RUNPATH_SEARCH_PATHS[sdk=macosx*]" = "@executable_path/../Frameworks";
				MACOSX_DEPLOYMENT_TARGET = 14.0;
				MARKETING_VERSION = 0.1.1;
				PRODUCT_BUNDLE_IDENTIFIER = ru.fibeapp.Sudoku;
				PRODUCT_NAME = "$(TARGET_NAME)";
				SDKROOT = auto;
				SUPPORTED_PLATFORMS = "iphoneos iphonesimulator";
				SUPPORTS_MACCATALYST = NO;
				SWIFT_EMIT_LOC_STRINGS = YES;
				SWIFT_VERSION = 5.0;
				TARGETED_DEVICE_FAMILY = 1;
			};
			name = Debug;
		};
		E82A5FA72BD0B0C800B15EB2 /* Release */ = {
			isa = XCBuildConfiguration;
			buildSettings = {
				ASSETCATALOG_COMPILER_APPICON_NAME = AppIcon;
				ASSETCATALOG_COMPILER_GLOBAL_ACCENT_COLOR_NAME = AccentColor;
				CODE_SIGN_ENTITLEMENTS = Sudoku/Sudoku.entitlements;
				CODE_SIGN_STYLE = Automatic;
				CURRENT_PROJECT_VERSION = 9;
				DEAD_CODE_STRIPPING = YES;
				DEVELOPMENT_ASSET_PATHS = "\"Sudoku/Preview Content\"";
				DEVELOPMENT_TEAM = 723HTEFHBA;
				ENABLE_PREVIEWS = YES;
				GENERATE_INFOPLIST_FILE = YES;
				INFOPLIST_FILE = Sudoku/Info.plist;
				INFOPLIST_KEY_LSApplicationCategoryType = "public.app-category.puzzle-games";
				"INFOPLIST_KEY_UIApplicationSceneManifest_Generation[sdk=iphoneos*]" = YES;
				"INFOPLIST_KEY_UIApplicationSceneManifest_Generation[sdk=iphonesimulator*]" = YES;
				"INFOPLIST_KEY_UIApplicationSupportsIndirectInputEvents[sdk=iphoneos*]" = YES;
				"INFOPLIST_KEY_UIApplicationSupportsIndirectInputEvents[sdk=iphonesimulator*]" = YES;
				"INFOPLIST_KEY_UILaunchScreen_Generation[sdk=iphoneos*]" = YES;
				"INFOPLIST_KEY_UILaunchScreen_Generation[sdk=iphonesimulator*]" = YES;
				"INFOPLIST_KEY_UIStatusBarStyle[sdk=iphoneos*]" = UIStatusBarStyleDefault;
				"INFOPLIST_KEY_UIStatusBarStyle[sdk=iphonesimulator*]" = UIStatusBarStyleDefault;
				INFOPLIST_KEY_UISupportedInterfaceOrientations = UIInterfaceOrientationPortrait;
				INFOPLIST_KEY_UISupportedInterfaceOrientations_iPad = "UIInterfaceOrientationLandscapeLeft UIInterfaceOrientationLandscapeRight UIInterfaceOrientationPortrait UIInterfaceOrientationPortraitUpsideDown";
				IPHONEOS_DEPLOYMENT_TARGET = 17.0;
				LD_RUNPATH_SEARCH_PATHS = "@executable_path/Frameworks";
				"LD_RUNPATH_SEARCH_PATHS[sdk=macosx*]" = "@executable_path/../Frameworks";
				MACOSX_DEPLOYMENT_TARGET = 14.0;
				MARKETING_VERSION = 0.1.1;
				PRODUCT_BUNDLE_IDENTIFIER = ru.fibeapp.Sudoku;
				PRODUCT_NAME = "$(TARGET_NAME)";
				SDKROOT = auto;
				SUPPORTED_PLATFORMS = "iphoneos iphonesimulator";
				SUPPORTS_MACCATALYST = NO;
				SWIFT_EMIT_LOC_STRINGS = YES;
				SWIFT_VERSION = 5.0;
				TARGETED_DEVICE_FAMILY = 1;
			};
			name = Release;
		};
		E82A5FA92BD0B0C800B15EB2 /* Debug */ = {
			isa = XCBuildConfiguration;
			buildSettings = {
				ALWAYS_EMBED_SWIFT_STANDARD_LIBRARIES = YES;
				BUNDLE_LOADER = "$(TEST_HOST)";
				CODE_SIGN_STYLE = Automatic;
				CURRENT_PROJECT_VERSION = 1;
				DEAD_CODE_STRIPPING = YES;
				GENERATE_INFOPLIST_FILE = YES;
				IPHONEOS_DEPLOYMENT_TARGET = 17.4;
				MACOSX_DEPLOYMENT_TARGET = 14.4;
				MARKETING_VERSION = 1.0;
				PRODUCT_BUNDLE_IDENTIFIER = ru.fibeapp.SudokuTests;
				PRODUCT_NAME = "$(TARGET_NAME)";
				SDKROOT = auto;
				SUPPORTED_PLATFORMS = "iphoneos iphonesimulator macosx";
				SWIFT_EMIT_LOC_STRINGS = NO;
				SWIFT_VERSION = 5.0;
				TARGETED_DEVICE_FAMILY = "1,2";
				TEST_HOST = "$(BUILT_PRODUCTS_DIR)/Sudoku.app/$(BUNDLE_EXECUTABLE_FOLDER_PATH)/Sudoku";
			};
			name = Debug;
		};
		E82A5FAA2BD0B0C800B15EB2 /* Release */ = {
			isa = XCBuildConfiguration;
			buildSettings = {
				ALWAYS_EMBED_SWIFT_STANDARD_LIBRARIES = YES;
				BUNDLE_LOADER = "$(TEST_HOST)";
				CODE_SIGN_STYLE = Automatic;
				CURRENT_PROJECT_VERSION = 1;
				DEAD_CODE_STRIPPING = YES;
				GENERATE_INFOPLIST_FILE = YES;
				IPHONEOS_DEPLOYMENT_TARGET = 17.4;
				MACOSX_DEPLOYMENT_TARGET = 14.4;
				MARKETING_VERSION = 1.0;
				PRODUCT_BUNDLE_IDENTIFIER = ru.fibeapp.SudokuTests;
				PRODUCT_NAME = "$(TARGET_NAME)";
				SDKROOT = auto;
				SUPPORTED_PLATFORMS = "iphoneos iphonesimulator macosx";
				SWIFT_EMIT_LOC_STRINGS = NO;
				SWIFT_VERSION = 5.0;
				TARGETED_DEVICE_FAMILY = "1,2";
				TEST_HOST = "$(BUILT_PRODUCTS_DIR)/Sudoku.app/$(BUNDLE_EXECUTABLE_FOLDER_PATH)/Sudoku";
			};
			name = Release;
		};
		E82A5FAC2BD0B0C800B15EB2 /* Debug */ = {
			isa = XCBuildConfiguration;
			buildSettings = {
				ALWAYS_EMBED_SWIFT_STANDARD_LIBRARIES = YES;
				CODE_SIGN_STYLE = Automatic;
				CURRENT_PROJECT_VERSION = 1;
				DEAD_CODE_STRIPPING = YES;
				GENERATE_INFOPLIST_FILE = YES;
				IPHONEOS_DEPLOYMENT_TARGET = 17.4;
				MACOSX_DEPLOYMENT_TARGET = 14.4;
				MARKETING_VERSION = 1.0;
				PRODUCT_BUNDLE_IDENTIFIER = ru.fibeapp.SudokuUITests;
				PRODUCT_NAME = "$(TARGET_NAME)";
				SDKROOT = auto;
				SUPPORTED_PLATFORMS = "iphoneos iphonesimulator macosx";
				SWIFT_EMIT_LOC_STRINGS = NO;
				SWIFT_VERSION = 5.0;
				TARGETED_DEVICE_FAMILY = "1,2";
				TEST_TARGET_NAME = Sudoku;
			};
			name = Debug;
		};
		E82A5FAD2BD0B0C800B15EB2 /* Release */ = {
			isa = XCBuildConfiguration;
			buildSettings = {
				ALWAYS_EMBED_SWIFT_STANDARD_LIBRARIES = YES;
				CODE_SIGN_STYLE = Automatic;
				CURRENT_PROJECT_VERSION = 1;
				DEAD_CODE_STRIPPING = YES;
				GENERATE_INFOPLIST_FILE = YES;
				IPHONEOS_DEPLOYMENT_TARGET = 17.4;
				MACOSX_DEPLOYMENT_TARGET = 14.4;
				MARKETING_VERSION = 1.0;
				PRODUCT_BUNDLE_IDENTIFIER = ru.fibeapp.SudokuUITests;
				PRODUCT_NAME = "$(TARGET_NAME)";
				SDKROOT = auto;
				SUPPORTED_PLATFORMS = "iphoneos iphonesimulator macosx";
				SWIFT_EMIT_LOC_STRINGS = NO;
				SWIFT_VERSION = 5.0;
				TARGETED_DEVICE_FAMILY = "1,2";
				TEST_TARGET_NAME = Sudoku;
			};
			name = Release;
		};
/* End XCBuildConfiguration section */

/* Begin XCConfigurationList section */
		E82A5F792BD0B0C700B15EB2 /* Build configuration list for PBXProject "Sudoku" */ = {
			isa = XCConfigurationList;
			buildConfigurations = (
				E82A5FA32BD0B0C800B15EB2 /* Debug */,
				E82A5FA42BD0B0C800B15EB2 /* Release */,
			);
			defaultConfigurationIsVisible = 0;
			defaultConfigurationName = Release;
		};
		E82A5FA52BD0B0C800B15EB2 /* Build configuration list for PBXNativeTarget "Sudoku" */ = {
			isa = XCConfigurationList;
			buildConfigurations = (
				E82A5FA62BD0B0C800B15EB2 /* Debug */,
				E82A5FA72BD0B0C800B15EB2 /* Release */,
			);
			defaultConfigurationIsVisible = 0;
			defaultConfigurationName = Release;
		};
		E82A5FA82BD0B0C800B15EB2 /* Build configuration list for PBXNativeTarget "SudokuTests" */ = {
			isa = XCConfigurationList;
			buildConfigurations = (
				E82A5FA92BD0B0C800B15EB2 /* Debug */,
				E82A5FAA2BD0B0C800B15EB2 /* Release */,
			);
			defaultConfigurationIsVisible = 0;
			defaultConfigurationName = Release;
		};
		E82A5FAB2BD0B0C800B15EB2 /* Build configuration list for PBXNativeTarget "SudokuUITests" */ = {
			isa = XCConfigurationList;
			buildConfigurations = (
				E82A5FAC2BD0B0C800B15EB2 /* Debug */,
				E82A5FAD2BD0B0C800B15EB2 /* Release */,
			);
			defaultConfigurationIsVisible = 0;
			defaultConfigurationName = Release;
		};
/* End XCConfigurationList section */
	};
	rootObject = E82A5F762BD0B0C700B15EB2 /* Project object */;
}
